
Microsoft Visual Studio Solution File, Format Version 12.00
# Visual Studio Version 17
VisualStudioVersion = 17.3.32811.315
MinimumVisualStudioVersion = 10.0.40219.1
Project("{9A19103F-16F7-4668-BE54-9A1E7A4F7556}") = "TermPaper.Api", "TermPaper.Api\TermPaper.Api.csproj", "{3B976C8D-26CC-4A64-A54B-E7DC16CC1FDD}"
EndProject
Project("{2150E333-8FDC-42A3-9474-1A3956D46DE8}") = "Solution Items", "Solution Items", "{1454E4CB-6CFB-4572-9626-AFADC174AA68}"
	ProjectSection(SolutionItems) = preProject
		README.md = README.md
	EndProjectSection
EndProject
Project("{9A19103F-16F7-4668-BE54-9A1E7A4F7556}") = "TermPaper.Shared", "TermPaper.Shared\TermPaper.Shared.csproj", "{CF423A97-8010-4802-8A44-1FFC1844344B}"
EndProject
Global
	GlobalSection(SolutionConfigurationPlatforms) = preSolution
		Debug|Any CPU = Debug|Any CPU
		Release|Any CPU = Release|Any CPU
	EndGlobalSection
	GlobalSection(ProjectConfigurationPlatforms) = postSolution
		{3B976C8D-26CC-4A64-A54B-E7DC16CC1FDD}.Debug|Any CPU.ActiveCfg = Debug|Any CPU
		{3B976C8D-26CC-4A64-A54B-E7DC16CC1FDD}.Debug|Any CPU.Build.0 = Debug|Any CPU
		{3B976C8D-26CC-4A64-A54B-E7DC16CC1FDD}.Release|Any CPU.ActiveCfg = Release|Any CPU
		{3B976C8D-26CC-4A64-A54B-E7DC16CC1FDD}.Release|Any CPU.Build.0 = Release|Any CPU
		{CF423A97-8010-4802-8A44-1FFC1844344B}.Debug|Any CPU.ActiveCfg = Debug|Any CPU
		{CF423A97-8010-4802-8A44-1FFC1844344B}.Debug|Any CPU.Build.0 = Debug|Any CPU
		{CF423A97-8010-4802-8A44-1FFC1844344B}.Release|Any CPU.ActiveCfg = Release|Any CPU
		{CF423A97-8010-4802-8A44-1FFC1844344B}.Release|Any CPU.Build.0 = Release|Any CPU
	EndGlobalSection
	GlobalSection(SolutionProperties) = preSolution
		HideSolutionNode = FALSE
	EndGlobalSection
	GlobalSection(ExtensibilityGlobals) = postSolution
		SolutionGuid = {45ACFFC0-6C61-4878-8338-8CDE3601B3CA}
	EndGlobalSection
EndGlobal
